
Microsoft Visual Studio Solution File, Format Version 12.00
# Visual Studio Version 17
VisualStudioVersion = 17.11.35222.181
MinimumVisualStudioVersion = 10.0.40219.1
Project("{FAE04EC0-301F-11D3-BF4B-00C04F79EFBC}") = "PBO-TM ABSTRACT CLASS DAN INTERFACE", "PBO-TM ABSTRACT CLASS DAN INTERFACE\PBO-TM ABSTRACT CLASS DAN INTERFACE.csproj", "{ABF42994-328D-4B57-B61E-91BF323A31F9}"
EndProject
Global
	GlobalSection(SolutionConfigurationPlatforms) = preSolution
		Debug|Any CPU = Debug|Any CPU
		Release|Any CPU = Release|Any CPU
	EndGlobalSection
	GlobalSection(ProjectConfigurationPlatforms) = postSolution
		{ABF42994-328D-4B57-B61E-91BF323A31F9}.Debug|Any CPU.ActiveCfg = Debug|Any CPU
		{ABF42994-328D-4B57-B61E-91BF323A31F9}.Debug|Any CPU.Build.0 = Debug|Any CPU
		{ABF42994-328D-4B57-B61E-91BF323A31F9}.Release|Any CPU.ActiveCfg = Release|Any CPU
		{ABF42994-328D-4B57-B61E-91BF323A31F9}.Release|Any CPU.Build.0 = Release|Any CPU
	EndGlobalSection
	GlobalSection(SolutionProperties) = preSolution
		HideSolutionNode = FALSE
	EndGlobalSection
	GlobalSection(ExtensibilityGlobals) = postSolution
		SolutionGuid = {08BAB865-C4B2-404D-BA2D-981D86C2C073}
	EndGlobalSection
EndGlobal
